// !$*UTF8*$!
{
	archiveVersion = 1;
	classes = {
	};
	objectVersion = 46;
	objects = {

/* Begin PBXBuildFile section */
		441074361B7C97050064E273 /* libWGXBeacon.a in Frameworks */ = {isa = PBXBuildFile; fileRef = 441074341B7C97050064E273 /* libWGXBeacon.a */; };
		446DAD6F1B85A3B400AA214B /* NSDictionary+Safety.m in Sources */ = {isa = PBXBuildFile; fileRef = 446DAD6C1B85A3B400AA214B /* NSDictionary+Safety.m */; };
		446DAD701B85A3B400AA214B /* NSArray+Safety.m in Sources */ = {isa = PBXBuildFile; fileRef = 446DAD6E1B85A3B400AA214B /* NSArray+Safety.m */; };
		446DAD741B85A78100AA214B /* CoreApiConnection.m in Sources */ = {isa = PBXBuildFile; fileRef = 446DAD731B85A78100AA214B /* CoreApiConnection.m */; };
		446DAD7D1B85DF9C00AA214B /* CoreData.framework in Frameworks */ = {isa = PBXBuildFile; fileRef = 446DAD7C1B85DF9C00AA214B /* CoreData.framework */; };
		446DAD861B85F28D00AA214B /* Offers.m in Sources */ = {isa = PBXBuildFile; fileRef = 446DAD851B85F28D00AA214B /* Offers.m */; };
		446DAD891B85F28E00AA214B /* Assets.m in Sources */ = {isa = PBXBuildFile; fileRef = 446DAD881B85F28E00AA214B /* Assets.m */; };
		628BF6D91B7BC27300FCFD4E /* main.m in Sources */ = {isa = PBXBuildFile; fileRef = 628BF6D81B7BC27300FCFD4E /* main.m */; };
		628BF6DC1B7BC27300FCFD4E /* AppDelegate.m in Sources */ = {isa = PBXBuildFile; fileRef = 628BF6DB1B7BC27300FCFD4E /* AppDelegate.m */; };
		628BF6DF1B7BC27300FCFD4E /* beaconRadar.xcdatamodeld in Sources */ = {isa = PBXBuildFile; fileRef = 628BF6DD1B7BC27300FCFD4E /* beaconRadar.xcdatamodeld */; };
		628BF6E21B7BC27300FCFD4E /* ViewController.m in Sources */ = {isa = PBXBuildFile; fileRef = 628BF6E11B7BC27300FCFD4E /* ViewController.m */; };
		628BF6E51B7BC27300FCFD4E /* Main.storyboard in Resources */ = {isa = PBXBuildFile; fileRef = 628BF6E31B7BC27300FCFD4E /* Main.storyboard */; };
		628BF6E71B7BC27300FCFD4E /* Images.xcassets in Resources */ = {isa = PBXBuildFile; fileRef = 628BF6E61B7BC27300FCFD4E /* Images.xcassets */; };
		628BF6EA1B7BC27300FCFD4E /* LaunchScreen.xib in Resources */ = {isa = PBXBuildFile; fileRef = 628BF6E81B7BC27300FCFD4E /* LaunchScreen.xib */; };
		628BF6F61B7BC27300FCFD4E /* beaconRadarTests.m in Sources */ = {isa = PBXBuildFile; fileRef = 628BF6F51B7BC27300FCFD4E /* beaconRadarTests.m */; };
		628BF7001B7BC77300FCFD4E /* CoreLocation.framework in Frameworks */ = {isa = PBXBuildFile; fileRef = 628BF6FF1B7BC77300FCFD4E /* CoreLocation.framework */; };
		628BF7031B7BCBD800FCFD4E /* AplicationDefaults.m in Sources */ = {isa = PBXBuildFile; fileRef = 628BF7021B7BCBD800FCFD4E /* AplicationDefaults.m */; };
		62A5EB4C1B83A99B00F1A812 /* CoreAPI.m in Sources */ = {isa = PBXBuildFile; fileRef = 62A5EB4B1B83A99B00F1A812 /* CoreAPI.m */; };
		62A5EB511B83B87C00F1A812 /* UIKit.framework in Frameworks */ = {isa = PBXBuildFile; fileRef = 62A5EB501B83B87C00F1A812 /* UIKit.framework */; };
/* End PBXBuildFile section */

/* Begin PBXContainerItemProxy section */
		628BF6F01B7BC27300FCFD4E /* PBXContainerItemProxy */ = {
			isa = PBXContainerItemProxy;
			containerPortal = 628BF6CB1B7BC27300FCFD4E /* Project object */;
			proxyType = 1;
			remoteGlobalIDString = 628BF6D21B7BC27300FCFD4E;
			remoteInfo = beaconRadar;
		};
/* End PBXContainerItemProxy section */

/* Begin PBXFileReference section */
		441074321B7C8FD60064E273 /* beaconRadar.pch */ = {isa = PBXFileReference; fileEncoding = 4; lastKnownFileType = sourcecode.c.h; path = beaconRadar.pch; sourceTree = "<group>"; };
		441074341B7C97050064E273 /* libWGXBeacon.a */ = {isa = PBXFileReference; lastKnownFileType = archive.ar; path = libWGXBeacon.a; sourceTree = "<group>"; };
		441074351B7C97050064E273 /* WGXBeacon.h */ = {isa = PBXFileReference; fileEncoding = 4; lastKnownFileType = sourcecode.c.h; path = WGXBeacon.h; sourceTree = "<group>"; };
		446DAD6B1B85A3B400AA214B /* NSDictionary+Safety.h */ = {isa = PBXFileReference; fileEncoding = 4; lastKnownFileType = sourcecode.c.h; path = "NSDictionary+Safety.h"; sourceTree = "<group>"; };
		446DAD6C1B85A3B400AA214B /* NSDictionary+Safety.m */ = {isa = PBXFileReference; fileEncoding = 4; lastKnownFileType = sourcecode.c.objc; path = "NSDictionary+Safety.m"; sourceTree = "<group>"; };
		446DAD6D1B85A3B400AA214B /* NSArray+Safety.h */ = {isa = PBXFileReference; fileEncoding = 4; lastKnownFileType = sourcecode.c.h; path = "NSArray+Safety.h"; sourceTree = "<group>"; };
		446DAD6E1B85A3B400AA214B /* NSArray+Safety.m */ = {isa = PBXFileReference; fileEncoding = 4; lastKnownFileType = sourcecode.c.objc; path = "NSArray+Safety.m"; sourceTree = "<group>"; };
		446DAD721B85A78100AA214B /* CoreApiConnection.h */ = {isa = PBXFileReference; fileEncoding = 4; lastKnownFileType = sourcecode.c.h; name = CoreApiConnection.h; path = CoreApi/CoreApiConnection.h; sourceTree = "<group>"; };
		446DAD731B85A78100AA214B /* CoreApiConnection.m */ = {isa = PBXFileReference; fileEncoding = 4; lastKnownFileType = sourcecode.c.objc; name = CoreApiConnection.m; path = CoreApi/CoreApiConnection.m; sourceTree = "<group>"; };
		446DAD7C1B85DF9C00AA214B /* CoreData.framework */ = {isa = PBXFileReference; lastKnownFileType = wrapper.framework; name = CoreData.framework; path = System/Library/Frameworks/CoreData.framework; sourceTree = SDKROOT; };
		446DAD841B85F28D00AA214B /* Offers.h */ = {isa = PBXFileReference; fileEncoding = 4; lastKnownFileType = sourcecode.c.h; name = Offers.h; path = CoreApi/Offers.h; sourceTree = "<group>"; };
		446DAD851B85F28D00AA214B /* Offers.m */ = {isa = PBXFileReference; fileEncoding = 4; lastKnownFileType = sourcecode.c.objc; name = Offers.m; path = CoreApi/Offers.m; sourceTree = "<group>"; };
		446DAD871B85F28E00AA214B /* Assets.h */ = {isa = PBXFileReference; fileEncoding = 4; lastKnownFileType = sourcecode.c.h; name = Assets.h; path = CoreApi/Assets.h; sourceTree = "<group>"; };
		446DAD881B85F28E00AA214B /* Assets.m */ = {isa = PBXFileReference; fileEncoding = 4; lastKnownFileType = sourcecode.c.objc; name = Assets.m; path = CoreApi/Assets.m; sourceTree = "<group>"; };
		628BF6D31B7BC27300FCFD4E /* beaconRadar.app */ = {isa = PBXFileReference; explicitFileType = wrapper.application; includeInIndex = 0; path = beaconRadar.app; sourceTree = BUILT_PRODUCTS_DIR; };
		628BF6D71B7BC27300FCFD4E /* Info.plist */ = {isa = PBXFileReference; lastKnownFileType = text.plist.xml; path = Info.plist; sourceTree = "<group>"; };
		628BF6D81B7BC27300FCFD4E /* main.m */ = {isa = PBXFileReference; lastKnownFileType = sourcecode.c.objc; path = main.m; sourceTree = "<group>"; };
		628BF6DA1B7BC27300FCFD4E /* AppDelegate.h */ = {isa = PBXFileReference; lastKnownFileType = sourcecode.c.h; path = AppDelegate.h; sourceTree = "<group>"; };
		628BF6DB1B7BC27300FCFD4E /* AppDelegate.m */ = {isa = PBXFileReference; lastKnownFileType = sourcecode.c.objc; path = AppDelegate.m; sourceTree = "<group>"; };
		628BF6DE1B7BC27300FCFD4E /* beaconRadar.xcdatamodel */ = {isa = PBXFileReference; lastKnownFileType = wrapper.xcdatamodel; path = beaconRadar.xcdatamodel; sourceTree = "<group>"; };
		628BF6E01B7BC27300FCFD4E /* ViewController.h */ = {isa = PBXFileReference; lastKnownFileType = sourcecode.c.h; path = ViewController.h; sourceTree = "<group>"; };
		628BF6E11B7BC27300FCFD4E /* ViewController.m */ = {isa = PBXFileReference; lastKnownFileType = sourcecode.c.objc; path = ViewController.m; sourceTree = "<group>"; };
		628BF6E41B7BC27300FCFD4E /* Base */ = {isa = PBXFileReference; lastKnownFileType = file.storyboard; name = Base; path = Base.lproj/Main.storyboard; sourceTree = "<group>"; };
		628BF6E61B7BC27300FCFD4E /* Images.xcassets */ = {isa = PBXFileReference; lastKnownFileType = folder.assetcatalog; path = Images.xcassets; sourceTree = "<group>"; };
		628BF6E91B7BC27300FCFD4E /* Base */ = {isa = PBXFileReference; lastKnownFileType = file.xib; name = Base; path = Base.lproj/LaunchScreen.xib; sourceTree = "<group>"; };
		628BF6EF1B7BC27300FCFD4E /* beaconRadarTests.xctest */ = {isa = PBXFileReference; explicitFileType = wrapper.cfbundle; includeInIndex = 0; path = beaconRadarTests.xctest; sourceTree = BUILT_PRODUCTS_DIR; };
		628BF6F41B7BC27300FCFD4E /* Info.plist */ = {isa = PBXFileReference; lastKnownFileType = text.plist.xml; path = Info.plist; sourceTree = "<group>"; };
		628BF6F51B7BC27300FCFD4E /* beaconRadarTests.m */ = {isa = PBXFileReference; lastKnownFileType = sourcecode.c.objc; path = beaconRadarTests.m; sourceTree = "<group>"; };
		628BF6FF1B7BC77300FCFD4E /* CoreLocation.framework */ = {isa = PBXFileReference; lastKnownFileType = wrapper.framework; name = CoreLocation.framework; path = System/Library/Frameworks/CoreLocation.framework; sourceTree = SDKROOT; };
		628BF7011B7BCBD800FCFD4E /* AplicationDefaults.h */ = {isa = PBXFileReference; fileEncoding = 4; lastKnownFileType = sourcecode.c.h; path = AplicationDefaults.h; sourceTree = "<group>"; };
		628BF7021B7BCBD800FCFD4E /* AplicationDefaults.m */ = {isa = PBXFileReference; fileEncoding = 4; lastKnownFileType = sourcecode.c.objc; path = AplicationDefaults.m; sourceTree = "<group>"; };
		62A5EB4A1B83A99B00F1A812 /* CoreAPI.h */ = {isa = PBXFileReference; fileEncoding = 4; lastKnownFileType = sourcecode.c.h; path = CoreAPI.h; sourceTree = "<group>"; };
		62A5EB4B1B83A99B00F1A812 /* CoreAPI.m */ = {isa = PBXFileReference; fileEncoding = 4; lastKnownFileType = sourcecode.c.objc; path = CoreAPI.m; sourceTree = "<group>"; };
		62A5EB501B83B87C00F1A812 /* UIKit.framework */ = {isa = PBXFileReference; lastKnownFileType = wrapper.framework; name = UIKit.framework; path = System/Library/Frameworks/UIKit.framework; sourceTree = SDKROOT; };
/* End PBXFileReference section */

/* Begin PBXFrameworksBuildPhase section */
		628BF6D01B7BC27300FCFD4E /* Frameworks */ = {
			isa = PBXFrameworksBuildPhase;
			buildActionMask = 2147483647;
			files = (
				446DAD7D1B85DF9C00AA214B /* CoreData.framework in Frameworks */,
				62A5EB511B83B87C00F1A812 /* UIKit.framework in Frameworks */,
				441074361B7C97050064E273 /* libWGXBeacon.a in Frameworks */,
				628BF7001B7BC77300FCFD4E /* CoreLocation.framework in Frameworks */,
			);
			runOnlyForDeploymentPostprocessing = 0;
		};
		628BF6EC1B7BC27300FCFD4E /* Frameworks */ = {
			isa = PBXFrameworksBuildPhase;
			buildActionMask = 2147483647;
			files = (
			);
			runOnlyForDeploymentPostprocessing = 0;
		};
/* End PBXFrameworksBuildPhase section */

/* Begin PBXGroup section */
		441074331B7C97050064E273 /* WGX-IOS */ = {
			isa = PBXGroup;
			children = (
				441074341B7C97050064E273 /* libWGXBeacon.a */,
				441074351B7C97050064E273 /* WGXBeacon.h */,
			);
			path = "WGX-IOS";
			sourceTree = "<group>";
		};
		446DAD711B85A3C500AA214B /* Safety Category */ = {
			isa = PBXGroup;
			children = (
				446DAD6B1B85A3B400AA214B /* NSDictionary+Safety.h */,
				446DAD6C1B85A3B400AA214B /* NSDictionary+Safety.m */,
				446DAD6D1B85A3B400AA214B /* NSArray+Safety.h */,
				446DAD6E1B85A3B400AA214B /* NSArray+Safety.m */,
			);
			name = "Safety Category";
			sourceTree = "<group>";
		};
		446DAD7B1B85CDC900AA214B /* DataBase */ = {
			isa = PBXGroup;
			children = (
				446DAD871B85F28E00AA214B /* Assets.h */,
				446DAD881B85F28E00AA214B /* Assets.m */,
				446DAD841B85F28D00AA214B /* Offers.h */,
				446DAD851B85F28D00AA214B /* Offers.m */,
			);
			name = DataBase;
			sourceTree = "<group>";
		};
		628BF6CA1B7BC27300FCFD4E = {
			isa = PBXGroup;
			children = (
				446DAD7C1B85DF9C00AA214B /* CoreData.framework */,
				62A5EB501B83B87C00F1A812 /* UIKit.framework */,
				628BF6FF1B7BC77300FCFD4E /* CoreLocation.framework */,
				628BF6D51B7BC27300FCFD4E /* beaconRadar */,
				628BF6F21B7BC27300FCFD4E /* beaconRadarTests */,
				628BF6D41B7BC27300FCFD4E /* Products */,
				441074331B7C97050064E273 /* WGX-IOS */,
			);
			sourceTree = "<group>";
		};
		628BF6D41B7BC27300FCFD4E /* Products */ = {
			isa = PBXGroup;
			children = (
				628BF6D31B7BC27300FCFD4E /* beaconRadar.app */,
				628BF6EF1B7BC27300FCFD4E /* beaconRadarTests.xctest */,
			);
			name = Products;
			sourceTree = "<group>";
		};
		628BF6D51B7BC27300FCFD4E /* beaconRadar */ = {
			isa = PBXGroup;
			children = (
				446DAD7B1B85CDC900AA214B /* DataBase */,
				628BF6DA1B7BC27300FCFD4E /* AppDelegate.h */,
				628BF6DB1B7BC27300FCFD4E /* AppDelegate.m */,
				62A5EB491B83A98E00F1A812 /* API */,
				628BF6E01B7BC27300FCFD4E /* ViewController.h */,
				628BF6E11B7BC27300FCFD4E /* ViewController.m */,
				628BF7011B7BCBD800FCFD4E /* AplicationDefaults.h */,
				628BF7021B7BCBD800FCFD4E /* AplicationDefaults.m */,
				628BF6E31B7BC27300FCFD4E /* Main.storyboard */,
				446DAD711B85A3C500AA214B /* Safety Category */,
				628BF6E61B7BC27300FCFD4E /* Images.xcassets */,
				628BF6E81B7BC27300FCFD4E /* LaunchScreen.xib */,
				628BF6DD1B7BC27300FCFD4E /* beaconRadar.xcdatamodeld */,
				628BF6D61B7BC27300FCFD4E /* Supporting Files */,
			);
			path = beaconRadar;
			sourceTree = "<group>";
		};
		628BF6D61B7BC27300FCFD4E /* Supporting Files */ = {
			isa = PBXGroup;
			children = (
				628BF6D71B7BC27300FCFD4E /* Info.plist */,
				441074321B7C8FD60064E273 /* beaconRadar.pch */,
				628BF6D81B7BC27300FCFD4E /* main.m */,
			);
			name = "Supporting Files";
			sourceTree = "<group>";
		};
		628BF6F21B7BC27300FCFD4E /* beaconRadarTests */ = {
			isa = PBXGroup;
			children = (
				628BF6F51B7BC27300FCFD4E /* beaconRadarTests.m */,
				628BF6F31B7BC27300FCFD4E /* Supporting Files */,
			);
			path = beaconRadarTests;
			sourceTree = "<group>";
		};
		628BF6F31B7BC27300FCFD4E /* Supporting Files */ = {
			isa = PBXGroup;
			children = (
				628BF6F41B7BC27300FCFD4E /* Info.plist */,
			);
			name = "Supporting Files";
			sourceTree = "<group>";
		};
		62A5EB491B83A98E00F1A812 /* API */ = {
			isa = PBXGroup;
			children = (
				62A5EB4A1B83A99B00F1A812 /* CoreAPI.h */,
				62A5EB4B1B83A99B00F1A812 /* CoreAPI.m */,
				446DAD721B85A78100AA214B /* CoreApiConnection.h */,
				446DAD731B85A78100AA214B /* CoreApiConnection.m */,
			);
			name = API;
			sourceTree = "<group>";
		};
/* End PBXGroup section */

/* Begin PBXNativeTarget section */
		628BF6D21B7BC27300FCFD4E /* beaconRadar */ = {
			isa = PBXNativeTarget;
			buildConfigurationList = 628BF6F91B7BC27300FCFD4E /* Build configuration list for PBXNativeTarget "beaconRadar" */;
			buildPhases = (
				628BF6CF1B7BC27300FCFD4E /* Sources */,
				628BF6D01B7BC27300FCFD4E /* Frameworks */,
				628BF6D11B7BC27300FCFD4E /* Resources */,
			);
			buildRules = (
			);
			dependencies = (
			);
			name = beaconRadar;
			productName = beaconRadar;
			productReference = 628BF6D31B7BC27300FCFD4E /* beaconRadar.app */;
			productType = "com.apple.product-type.application";
		};
		628BF6EE1B7BC27300FCFD4E /* beaconRadarTests */ = {
			isa = PBXNativeTarget;
			buildConfigurationList = 628BF6FC1B7BC27300FCFD4E /* Build configuration list for PBXNativeTarget "beaconRadarTests" */;
			buildPhases = (
				628BF6EB1B7BC27300FCFD4E /* Sources */,
				628BF6EC1B7BC27300FCFD4E /* Frameworks */,
				628BF6ED1B7BC27300FCFD4E /* Resources */,
			);
			buildRules = (
			);
			dependencies = (
				628BF6F11B7BC27300FCFD4E /* PBXTargetDependency */,
			);
			name = beaconRadarTests;
			productName = beaconRadarTests;
			productReference = 628BF6EF1B7BC27300FCFD4E /* beaconRadarTests.xctest */;
			productType = "com.apple.product-type.bundle.unit-test";
		};
/* End PBXNativeTarget section */

/* Begin PBXProject section */
		628BF6CB1B7BC27300FCFD4E /* Project object */ = {
			isa = PBXProject;
			attributes = {
				LastUpgradeCheck = 0640;
				ORGANIZATIONNAME = TNADZOR;
				TargetAttributes = {
					628BF6D21B7BC27300FCFD4E = {
						CreatedOnToolsVersion = 6.4;
						SystemCapabilities = {
							com.apple.BackgroundModes = {
								enabled = 1;
							};
						};
					};
					628BF6EE1B7BC27300FCFD4E = {
						CreatedOnToolsVersion = 6.4;
						TestTargetID = 628BF6D21B7BC27300FCFD4E;
					};
				};
			};
			buildConfigurationList = 628BF6CE1B7BC27300FCFD4E /* Build configuration list for PBXProject "beaconRadar" */;
			compatibilityVersion = "Xcode 3.2";
			developmentRegion = English;
			hasScannedForEncodings = 0;
			knownRegions = (
				en,
				Base,
			);
			mainGroup = 628BF6CA1B7BC27300FCFD4E;
			productRefGroup = 628BF6D41B7BC27300FCFD4E /* Products */;
			projectDirPath = "";
			projectRoot = "";
			targets = (
				628BF6D21B7BC27300FCFD4E /* beaconRadar */,
				628BF6EE1B7BC27300FCFD4E /* beaconRadarTests */,
			);
		};
/* End PBXProject section */

/* Begin PBXResourcesBuildPhase section */
		628BF6D11B7BC27300FCFD4E /* Resources */ = {
			isa = PBXResourcesBuildPhase;
			buildActionMask = 2147483647;
			files = (
				628BF6E51B7BC27300FCFD4E /* Main.storyboard in Resources */,
				628BF6EA1B7BC27300FCFD4E /* LaunchScreen.xib in Resources */,
				628BF6E71B7BC27300FCFD4E /* Images.xcassets in Resources */,
			);
			runOnlyForDeploymentPostprocessing = 0;
		};
		628BF6ED1B7BC27300FCFD4E /* Resources */ = {
			isa = PBXResourcesBuildPhase;
			buildActionMask = 2147483647;
			files = (
			);
			runOnlyForDeploymentPostprocessing = 0;
		};
/* End PBXResourcesBuildPhase section */

/* Begin PBXSourcesBuildPhase section */
		628BF6CF1B7BC27300FCFD4E /* Sources */ = {
			isa = PBXSourcesBuildPhase;
			buildActionMask = 2147483647;
			files = (
				446DAD861B85F28D00AA214B /* Offers.m in Sources */,
				62A5EB4C1B83A99B00F1A812 /* CoreAPI.m in Sources */,
				628BF6DF1B7BC27300FCFD4E /* beaconRadar.xcdatamodeld in Sources */,
				446DAD701B85A3B400AA214B /* NSArray+Safety.m in Sources */,
				628BF6DC1B7BC27300FCFD4E /* AppDelegate.m in Sources */,
				446DAD741B85A78100AA214B /* CoreApiConnection.m in Sources */,
				628BF6E21B7BC27300FCFD4E /* ViewController.m in Sources */,
				628BF6D91B7BC27300FCFD4E /* main.m in Sources */,
				446DAD6F1B85A3B400AA214B /* NSDictionary+Safety.m in Sources */,
				628BF7031B7BCBD800FCFD4E /* AplicationDefaults.m in Sources */,
				446DAD891B85F28E00AA214B /* Assets.m in Sources */,
			);
			runOnlyForDeploymentPostprocessing = 0;
		};
		628BF6EB1B7BC27300FCFD4E /* Sources */ = {
			isa = PBXSourcesBuildPhase;
			buildActionMask = 2147483647;
			files = (
				628BF6F61B7BC27300FCFD4E /* beaconRadarTests.m in Sources */,
			);
			runOnlyForDeploymentPostprocessing = 0;
		};
/* End PBXSourcesBuildPhase section */

/* Begin PBXTargetDependency section */
		628BF6F11B7BC27300FCFD4E /* PBXTargetDependency */ = {
			isa = PBXTargetDependency;
			target = 628BF6D21B7BC27300FCFD4E /* beaconRadar */;
			targetProxy = 628BF6F01B7BC27300FCFD4E /* PBXContainerItemProxy */;
		};
/* End PBXTargetDependency section */

/* Begin PBXVariantGroup section */
		628BF6E31B7BC27300FCFD4E /* Main.storyboard */ = {
			isa = PBXVariantGroup;
			children = (
				628BF6E41B7BC27300FCFD4E /* Base */,
			);
			name = Main.storyboard;
			sourceTree = "<group>";
		};
		628BF6E81B7BC27300FCFD4E /* LaunchScreen.xib */ = {
			isa = PBXVariantGroup;
			children = (
				628BF6E91B7BC27300FCFD4E /* Base */,
			);
			name = LaunchScreen.xib;
			sourceTree = "<group>";
		};
/* End PBXVariantGroup section */

/* Begin XCBuildConfiguration section */
		628BF6F71B7BC27300FCFD4E /* Debug */ = {
			isa = XCBuildConfiguration;
			buildSettings = {
				ALWAYS_SEARCH_USER_PATHS = NO;
				CLANG_CXX_LANGUAGE_STANDARD = "gnu++0x";
				CLANG_CXX_LIBRARY = "libc++";
				CLANG_ENABLE_MODULES = YES;
				CLANG_ENABLE_OBJC_ARC = YES;
				CLANG_WARN_BOOL_CONVERSION = YES;
				CLANG_WARN_CONSTANT_CONVERSION = YES;
				CLANG_WARN_DIRECT_OBJC_ISA_USAGE = YES_ERROR;
				CLANG_WARN_EMPTY_BODY = YES;
				CLANG_WARN_ENUM_CONVERSION = YES;
				CLANG_WARN_INT_CONVERSION = YES;
				CLANG_WARN_OBJC_ROOT_CLASS = YES_ERROR;
				CLANG_WARN_UNREACHABLE_CODE = YES;
				CLANG_WARN__DUPLICATE_METHOD_MATCH = YES;
				"CODE_SIGN_IDENTITY[sdk=iphoneos*]" = "iPhone Developer";
				COPY_PHASE_STRIP = NO;
				DEBUG_INFORMATION_FORMAT = "dwarf-with-dsym";
				ENABLE_STRICT_OBJC_MSGSEND = YES;
				GCC_C_LANGUAGE_STANDARD = gnu99;
				GCC_DYNAMIC_NO_PIC = NO;
				GCC_NO_COMMON_BLOCKS = YES;
				GCC_OPTIMIZATION_LEVEL = 0;
				GCC_PREPROCESSOR_DEFINITIONS = (
					"DEBUG=1",
					"$(inherited)",
				);
				GCC_SYMBOLS_PRIVATE_EXTERN = NO;
				GCC_WARN_64_TO_32_BIT_CONVERSION = YES;
				GCC_WARN_ABOUT_RETURN_TYPE = YES_ERROR;
				GCC_WARN_UNDECLARED_SELECTOR = YES;
				GCC_WARN_UNINITIALIZED_AUTOS = YES_AGGRESSIVE;
				GCC_WARN_UNUSED_FUNCTION = YES;
				GCC_WARN_UNUSED_VARIABLE = YES;
				IPHONEOS_DEPLOYMENT_TARGET = 8.4;
				MTL_ENABLE_DEBUG_INFO = YES;
				ONLY_ACTIVE_ARCH = YES;
				SDKROOT = iphoneos;
				TARGETED_DEVICE_FAMILY = "1,2";
			};
			name = Debug;
		};
		628BF6F81B7BC27300FCFD4E /* Release */ = {
			isa = XCBuildConfiguration;
			buildSettings = {
				ALWAYS_SEARCH_USER_PATHS = NO;
				CLANG_CXX_LANGUAGE_STANDARD = "gnu++0x";
				CLANG_CXX_LIBRARY = "libc++";
				CLANG_ENABLE_MODULES = YES;
				CLANG_ENABLE_OBJC_ARC = YES;
				CLANG_WARN_BOOL_CONVERSION = YES;
				CLANG_WARN_CONSTANT_CONVERSION = YES;
				CLANG_WARN_DIRECT_OBJC_ISA_USAGE = YES_ERROR;
				CLANG_WARN_EMPTY_BODY = YES;
				CLANG_WARN_ENUM_CONVERSION = YES;
				CLANG_WARN_INT_CONVERSION = YES;
				CLANG_WARN_OBJC_ROOT_CLASS = YES_ERROR;
				CLANG_WARN_UNREACHABLE_CODE = YES;
				CLANG_WARN__DUPLICATE_METHOD_MATCH = YES;
				"CODE_SIGN_IDENTITY[sdk=iphoneos*]" = "iPhone Developer";
				COPY_PHASE_STRIP = NO;
				DEBUG_INFORMATION_FORMAT = "dwarf-with-dsym";
				ENABLE_NS_ASSERTIONS = NO;
				ENABLE_STRICT_OBJC_MSGSEND = YES;
				GCC_C_LANGUAGE_STANDARD = gnu99;
				GCC_NO_COMMON_BLOCKS = YES;
				GCC_WARN_64_TO_32_BIT_CONVERSION = YES;
				GCC_WARN_ABOUT_RETURN_TYPE = YES_ERROR;
				GCC_WARN_UNDECLARED_SELECTOR = YES;
				GCC_WARN_UNINITIALIZED_AUTOS = YES_AGGRESSIVE;
				GCC_WARN_UNUSED_FUNCTION = YES;
				GCC_WARN_UNUSED_VARIABLE = YES;
				IPHONEOS_DEPLOYMENT_TARGET = 8.4;
				MTL_ENABLE_DEBUG_INFO = NO;
				SDKROOT = iphoneos;
				TARGETED_DEVICE_FAMILY = "1,2";
				VALIDATE_PRODUCT = YES;
			};
			name = Release;
		};
		628BF6FA1B7BC27300FCFD4E /* Debug */ = {
			isa = XCBuildConfiguration;
			buildSettings = {
				ASSETCATALOG_COMPILER_APPICON_NAME = AppIcon;
				GCC_PRECOMPILE_PREFIX_HEADER = YES;
				GCC_PREFIX_HEADER = beaconRadar/beaconRadar.pch;
				INFOPLIST_FILE = beaconRadar/Info.plist;
				LD_RUNPATH_SEARCH_PATHS = "$(inherited) @executable_path/Frameworks";
				LIBRARY_SEARCH_PATHS = (
					"$(inherited)",
					"$(PROJECT_DIR)/WGX-IOS",
				);
				PRODUCT_NAME = "$(TARGET_NAME)";
			};
			name = Debug;
		};
		628BF6FB1B7BC27300FCFD4E /* Release */ = {
			isa = XCBuildConfiguration;
			buildSettings = {
				ASSETCATALOG_COMPILER_APPICON_NAME = AppIcon;
				GCC_PRECOMPILE_PREFIX_HEADER = YES;
				GCC_PREFIX_HEADER = beaconRadar/beaconRadar.pch;
				INFOPLIST_FILE = beaconRadar/Info.plist;
				LD_RUNPATH_SEARCH_PATHS = "$(inherited) @executable_path/Frameworks";
				LIBRARY_SEARCH_PATHS = (
					"$(inherited)",
					"$(PROJECT_DIR)/WGX-IOS",
				);
				PRODUCT_NAME = "$(TARGET_NAME)";
			};
			name = Release;
		};
		628BF6FD1B7BC27300FCFD4E /* Debug */ = {
			isa = XCBuildConfiguration;
			buildSettings = {
				BUNDLE_LOADER = "$(TEST_HOST)";
				FRAMEWORK_SEARCH_PATHS = (
					"$(SDKROOT)/Developer/Library/Frameworks",
					"$(inherited)",
				);
				GCC_PREPROCESSOR_DEFINITIONS = (
					"DEBUG=1",
					"$(inherited)",
				);
				INFOPLIST_FILE = beaconRadarTests/Info.plist;
				LD_RUNPATH_SEARCH_PATHS = "$(inherited) @executable_path/Frameworks @loader_path/Frameworks";
				PRODUCT_NAME = "$(TARGET_NAME)";
				TEST_HOST = "$(BUILT_PRODUCTS_DIR)/beaconRadar.app/beaconRadar";
			};
			name = Debug;
		};
		628BF6FE1B7BC27300FCFD4E /* Release */ = {
			isa = XCBuildConfiguration;
			buildSettings = {
				BUNDLE_LOADER = "$(TEST_HOST)";
				FRAMEWORK_SEARCH_PATHS = (
					"$(SDKROOT)/Developer/Library/Frameworks",
					"$(inherited)",
				);
				INFOPLIST_FILE = beaconRadarTests/Info.plist;
				LD_RUNPATH_SEARCH_PATHS = "$(inherited) @executable_path/Frameworks @loader_path/Frameworks";
				PRODUCT_NAME = "$(TARGET_NAME)";
				TEST_HOST = "$(BUILT_PRODUCTS_DIR)/beaconRadar.app/beaconRadar";
			};
			name = Release;
		};
/* End XCBuildConfiguration section */

/* Begin XCConfigurationList section */
		628BF6CE1B7BC27300FCFD4E /* Build configuration list for PBXProject "beaconRadar" */ = {
			isa = XCConfigurationList;
			buildConfigurations = (
				628BF6F71B7BC27300FCFD4E /* Debug */,
				628BF6F81B7BC27300FCFD4E /* Release */,
			);
			defaultConfigurationIsVisible = 0;
			defaultConfigurationName = Release;
		};
		628BF6F91B7BC27300FCFD4E /* Build configuration list for PBXNativeTarget "beaconRadar" */ = {
			isa = XCConfigurationList;
			buildConfigurations = (
				628BF6FA1B7BC27300FCFD4E /* Debug */,
				628BF6FB1B7BC27300FCFD4E /* Release */,
			);
			defaultConfigurationIsVisible = 0;
			defaultConfigurationName = Release;
		};
		628BF6FC1B7BC27300FCFD4E /* Build configuration list for PBXNativeTarget "beaconRadarTests" */ = {
			isa = XCConfigurationList;
			buildConfigurations = (
				628BF6FD1B7BC27300FCFD4E /* Debug */,
				628BF6FE1B7BC27300FCFD4E /* Release */,
			);
			defaultConfigurationIsVisible = 0;
			defaultConfigurationName = Release;
		};
/* End XCConfigurationList section */

/* Begin XCVersionGroup section */
		628BF6DD1B7BC27300FCFD4E /* beaconRadar.xcdatamodeld */ = {
			isa = XCVersionGroup;
			children = (
				628BF6DE1B7BC27300FCFD4E /* beaconRadar.xcdatamodel */,
			);
			currentVersion = 628BF6DE1B7BC27300FCFD4E /* beaconRadar.xcdatamodel */;
			path = beaconRadar.xcdatamodeld;
			sourceTree = "<group>";
			versionGroupType = wrapper.xcdatamodel;
		};
/* End XCVersionGroup section */
	};
	rootObject = 628BF6CB1B7BC27300FCFD4E /* Project object */;
}
